
Microsoft Visual Studio Solution File, Format Version 12.00
# Visual Studio Version 16
VisualStudioVersion = 16.0.29905.134
MinimumVisualStudioVersion = 10.0.40219.1
Project("{FAE04EC0-301F-11D3-BF4B-00C04F79EFBC}") = "Client_Interface", "Client_Interface\Client_Interface.csproj", "{7D6E2C44-FA46-47DB-9F15-49324EDF5FCF}"
EndProject
Global
	GlobalSection(SolutionConfigurationPlatforms) = preSolution
		Debug|Any CPU = Debug|Any CPU
		Release|Any CPU = Release|Any CPU
	EndGlobalSection
	GlobalSection(ProjectConfigurationPlatforms) = postSolution
		{7D6E2C44-FA46-47DB-9F15-49324EDF5FCF}.Debug|Any CPU.ActiveCfg = Debug|Any CPU
		{7D6E2C44-FA46-47DB-9F15-49324EDF5FCF}.Debug|Any CPU.Build.0 = Debug|Any CPU
		{7D6E2C44-FA46-47DB-9F15-49324EDF5FCF}.Release|Any CPU.ActiveCfg = Release|Any CPU
		{7D6E2C44-FA46-47DB-9F15-49324EDF5FCF}.Release|Any CPU.Build.0 = Release|Any CPU
	EndGlobalSection
	GlobalSection(SolutionProperties) = preSolution
		HideSolutionNode = FALSE
	EndGlobalSection
	GlobalSection(ExtensibilityGlobals) = postSolution
		SolutionGuid = {86C9C6AF-C398-463F-9C78-519D7FD12309}
	EndGlobalSection
EndGlobal
